
Microsoft Visual Studio Solution File, Format Version 12.00
# Visual Studio 15
VisualStudioVersion = 15.0.27130.2010
MinimumVisualStudioVersion = 10.0.40219.1
Project("{FAE04EC0-301F-11D3-BF4B-00C04F79EFBC}") = "Login_DB", "Login_DB\Login_DB.csproj", "{043E2082-4CD2-40D4-866D-F04B41A80C6B}"
EndProject
Global
	GlobalSection(SolutionConfigurationPlatforms) = preSolution
		Debug|Any CPU = Debug|Any CPU
		Release|Any CPU = Release|Any CPU
	EndGlobalSection
	GlobalSection(ProjectConfigurationPlatforms) = postSolution
		{043E2082-4CD2-40D4-866D-F04B41A80C6B}.Debug|Any CPU.ActiveCfg = Debug|Any CPU
		{043E2082-4CD2-40D4-866D-F04B41A80C6B}.Debug|Any CPU.Build.0 = Debug|Any CPU
		{043E2082-4CD2-40D4-866D-F04B41A80C6B}.Release|Any CPU.ActiveCfg = Release|Any CPU
		{043E2082-4CD2-40D4-866D-F04B41A80C6B}.Release|Any CPU.Build.0 = Release|Any CPU
	EndGlobalSection
	GlobalSection(SolutionProperties) = preSolution
		HideSolutionNode = FALSE
	EndGlobalSection
	GlobalSection(ExtensibilityGlobals) = postSolution
		SolutionGuid = {15E45D69-0DF0-4916-8FC8-01691D1A938E}
	EndGlobalSection
EndGlobal
